
Microsoft Visual Studio Solution File, Format Version 12.00
# Visual Studio Version 16
VisualStudioVersion = 16.0.31005.135
MinimumVisualStudioVersion = 10.0.40219.1
Project("{9A19103F-16F7-4668-BE54-9A1E7A4F7556}") = "Chechka", "Chechka\Chechka.csproj", "{198BEC1C-DF99-4373-BECF-09E2E64B6090}"
EndProject
Project("{9A19103F-16F7-4668-BE54-9A1E7A4F7556}") = "Chechka.DAL", "Chechka.DAL\Chechka.DAL.csproj", "{4833FF84-C85E-4B58-A403-15320205B9BE}"
EndProject
Project("{9A19103F-16F7-4668-BE54-9A1E7A4F7556}") = "Chechka.Tests", "Chechka.Tests\Chechka.Tests.csproj", "{777FB2ED-3DD4-4E80-AA30-60B0B2D176FD}"
EndProject
Global
	GlobalSection(SolutionConfigurationPlatforms) = preSolution
		Debug|Any CPU = Debug|Any CPU
		Release|Any CPU = Release|Any CPU
	EndGlobalSection
	GlobalSection(ProjectConfigurationPlatforms) = postSolution
		{198BEC1C-DF99-4373-BECF-09E2E64B6090}.Debug|Any CPU.ActiveCfg = Debug|Any CPU
		{198BEC1C-DF99-4373-BECF-09E2E64B6090}.Debug|Any CPU.Build.0 = Debug|Any CPU
		{198BEC1C-DF99-4373-BECF-09E2E64B6090}.Release|Any CPU.ActiveCfg = Release|Any CPU
		{198BEC1C-DF99-4373-BECF-09E2E64B6090}.Release|Any CPU.Build.0 = Release|Any CPU
		{4833FF84-C85E-4B58-A403-15320205B9BE}.Debug|Any CPU.ActiveCfg = Debug|Any CPU
		{4833FF84-C85E-4B58-A403-15320205B9BE}.Debug|Any CPU.Build.0 = Debug|Any CPU
		{4833FF84-C85E-4B58-A403-15320205B9BE}.Release|Any CPU.ActiveCfg = Release|Any CPU
		{4833FF84-C85E-4B58-A403-15320205B9BE}.Release|Any CPU.Build.0 = Release|Any CPU
		{777FB2ED-3DD4-4E80-AA30-60B0B2D176FD}.Debug|Any CPU.ActiveCfg = Debug|Any CPU
		{777FB2ED-3DD4-4E80-AA30-60B0B2D176FD}.Debug|Any CPU.Build.0 = Debug|Any CPU
		{777FB2ED-3DD4-4E80-AA30-60B0B2D176FD}.Release|Any CPU.ActiveCfg = Release|Any CPU
		{777FB2ED-3DD4-4E80-AA30-60B0B2D176FD}.Release|Any CPU.Build.0 = Release|Any CPU
	EndGlobalSection
	GlobalSection(SolutionProperties) = preSolution
		HideSolutionNode = FALSE
	EndGlobalSection
	GlobalSection(ExtensibilityGlobals) = postSolution
		SolutionGuid = {FA3C5D2C-1A03-4444-A6D2-2DADCFF60402}
	EndGlobalSection
EndGlobal
